github.com/Azure/azure-sdk-for-go/sdk/azcore v1.18.1 h1:Wc1ml6QlJs2BHQ/9Bqu1jiyggbsSjramq2oUmp5WeIo=
github.com/Azure/azure-sdk-for-go/sdk/azcore v1.18.1/go.mod h1:Ot/6aikWnKWi4l9QB7qVSwa8iMphQNqkWALMoNT3rzM=
github.com/Azure/azure-sdk-for-go/sdk/internal v1.11.1 h1:FPKJS1T+clwv+OLGt13a8UjqeRuh0O4SJ3lUriThc+4=
github.com/Azure/azure-sdk-for-go/sdk/internal v1.11.1/go.mod h1:j2chePtV91HrC22tGoRX3sGY42uF13WzmmV80/OdVAA=
github.com/Azure/azure-sdk-for-go/sdk/messaging/azservicebus v1.9.1 h1:CRZwf68N55u7ZZo3Xx2ynuqEA6k5GZfwsEUkU8qsAPk=
github.com/Azure/azure-sdk-for-go/sdk/messaging/azservicebus v1.9.1/go.mod h1:NydgUaroiShkgOcb+X6OUdS3RalWBrvDNtOyFHJtsZY=
github.com/Azure/go-amqp v1.4.0 h1:Xj3caqi4comOF/L1Uc5iuBxR/pB6KumejC01YQOqOR4=
github.com/Azure/go-amqp v1.4.0/go.mod h1:vZAogwdrkbyK3Mla8m/CxSc/aKdnTZ4IbPxl51Y5WZE=
github.com/cpuguy83/go-md2man/v2 v2.0.6/go.mod h1:oOW0eioCTA6cOiMLiUPZOpcVxMig6NIQQ7OS05n1F4g=
github.com/inconshreveable/mousetrap v1.1.0 h1:wN+x4NVGpMsO7ErUn/mUI3vEoE6Jt13X2s0bqwp9tc8=
github.com/inconshreveable/mousetrap v1.1.0/go.mod h1:vpF70FUmC8bwa3OWnCshd2FqLfsEA9PFc4w1p2J65bw=
github.com/russross/blackfriday/v2 v2.1.0/go.mod h1:+Rmxgy9KzJVeS9/2gXHxylqXiyQDYRxCVz55jmeOWTM=
github.com/spf13/cobra v1.9.1 h1:CXSaggrXdbHK9CF+8ywj8Amf7PBRmPCOJugH954Nnlo=
github.com/spf13/cobra v1.9.1/go.mod h1:nDyEzZ8ogv936Cinf6g1RU9MRY64Ir93oCnqb9wxYW0=
github.com/spf13/pflag v1.0.6 h1:jFzHGLGAlb3ruxLB8MhbI6A8+AQX/2eW4qeyNZXNp2o=
github.com/spf13/pflag v1.0.6/go.mod h1:McXfInJRrz4CZXVZOBLb0bTZqETkiAhM9Iw0y3An2Bg=
golang.org/x/net v0.41.0 h1:vBTly1HeNPEn3wtREYfy4GZ/NECgw2Cnl+nK6Nz3uvw=
golang.org/x/net v0.41.0/go.mod h1:B/K4NNqkfmg07DQYrbwvSluqCJOOXwUjeb/5lOisjbA=
golang.org/x/text v0.27.0 h1:4fGWRpyh641NLlecmyl4LOe6yDdfaYNrGb2zdfo4JV4=
golang.org/x/text v0.27.0/go.mod h1:1D28KMCvyooCX9hBiosv5Tz/+YLxj0j7XhWjpSUF7CU=
gopkg.in/check.v1 v0.0.0-20161208181325-20d25e280405/go.mod h1:Co6ibVJAznAaIkqp8huTwlJQCZ016jof/cbN4VW5Yz0=
gopkg.in/yaml.v3 v3.0.1/go.mod h1:K4uyk7z7BCEPqu6E+C64Yfv1cQ7kz7rIZviUmN+EgEM=
